
Microsoft Visual Studio Solution File, Format Version 12.00
# Visual Studio Version 17
VisualStudioVersion = 17.0.32014.148
MinimumVisualStudioVersion = 10.0.40219.1
Project("{FAE04EC0-301F-11D3-BF4B-00C04F79EFBC}") = "ADP.Attachment.API", "ADP.Attachment.API\ADP.Attachment.API.csproj", "{8C3C347C-6A75-44EC-B905-C1B75D292644}"
EndProject
Global
	GlobalSection(SolutionConfigurationPlatforms) = preSolution
		Debug|Any CPU = Debug|Any CPU
		Release|Any CPU = Release|Any CPU
	EndGlobalSection
	GlobalSection(ProjectConfigurationPlatforms) = postSolution
		{8C3C347C-6A75-44EC-B905-C1B75D292644}.Debug|Any CPU.ActiveCfg = Debug|Any CPU
		{8C3C347C-6A75-44EC-B905-C1B75D292644}.Debug|Any CPU.Build.0 = Debug|Any CPU
		{8C3C347C-6A75-44EC-B905-C1B75D292644}.Release|Any CPU.ActiveCfg = Release|Any CPU
		{8C3C347C-6A75-44EC-B905-C1B75D292644}.Release|Any CPU.Build.0 = Release|Any CPU
	EndGlobalSection
	GlobalSection(SolutionProperties) = preSolution
		HideSolutionNode = FALSE
	EndGlobalSection
	GlobalSection(ExtensibilityGlobals) = postSolution
		SolutionGuid = {0BCA18F6-622C-4E65-9F5A-C951342FE082}
	EndGlobalSection
EndGlobal
